
Microsoft Visual Studio Solution File, Format Version 12.00
# Visual Studio Version 17
VisualStudioVersion = 17.7.34018.315
MinimumVisualStudioVersion = 10.0.40219.1
Project("{FAE04EC0-301F-11D3-BF4B-00C04F79EFBC}") = "DemoJankin", "DemoJankin\DemoJankin.csproj", "{DE36AA41-CA24-402E-985E-7711224107D7}"
EndProject
Global
	GlobalSection(SolutionConfigurationPlatforms) = preSolution
		Debug|Any CPU = Debug|Any CPU
		Release|Any CPU = Release|Any CPU
	EndGlobalSection
	GlobalSection(ProjectConfigurationPlatforms) = postSolution
		{DE36AA41-CA24-402E-985E-7711224107D7}.Debug|Any CPU.ActiveCfg = Debug|Any CPU
		{DE36AA41-CA24-402E-985E-7711224107D7}.Debug|Any CPU.Build.0 = Debug|Any CPU
		{DE36AA41-CA24-402E-985E-7711224107D7}.Release|Any CPU.ActiveCfg = Release|Any CPU
		{DE36AA41-CA24-402E-985E-7711224107D7}.Release|Any CPU.Build.0 = Release|Any CPU
	EndGlobalSection
	GlobalSection(SolutionProperties) = preSolution
		HideSolutionNode = FALSE
	EndGlobalSection
	GlobalSection(ExtensibilityGlobals) = postSolution
		SolutionGuid = {D100AE13-A31B-4BE4-8885-D6C8AA632615}
	EndGlobalSection
EndGlobal
